
Microsoft Visual Studio Solution File, Format Version 12.00
# Visual Studio Version 17
VisualStudioVersion = 17.1.32210.238
MinimumVisualStudioVersion = 10.0.40219.1
Project("{FAE04EC0-301F-11D3-BF4B-00C04F79EFBC}") = "Inheritance", "Inheritance\Inheritance.csproj", "{04C9AEFD-D488-4F22-A39A-991F778D52D9}"
EndProject
Project("{FAE04EC0-301F-11D3-BF4B-00C04F79EFBC}") = "Overriding", "..\..\Overriding\Overriding\Overriding.csproj", "{A20F0781-C5B6-47EA-98D5-75E61C79289A}"
EndProject
Project("{FAE04EC0-301F-11D3-BF4B-00C04F79EFBC}") = "Access Modified", "..\..\..\2. Access Modified\Access Modified\Access Modified.csproj", "{C3E41DAE-01AB-4659-9C37-773C6A4D12EE}"
EndProject
Global
	GlobalSection(SolutionConfigurationPlatforms) = preSolution
		Debug|Any CPU = Debug|Any CPU
		Release|Any CPU = Release|Any CPU
	EndGlobalSection
	GlobalSection(ProjectConfigurationPlatforms) = postSolution
		{04C9AEFD-D488-4F22-A39A-991F778D52D9}.Debug|Any CPU.ActiveCfg = Debug|Any CPU
		{04C9AEFD-D488-4F22-A39A-991F778D52D9}.Debug|Any CPU.Build.0 = Debug|Any CPU
		{04C9AEFD-D488-4F22-A39A-991F778D52D9}.Release|Any CPU.ActiveCfg = Release|Any CPU
		{04C9AEFD-D488-4F22-A39A-991F778D52D9}.Release|Any CPU.Build.0 = Release|Any CPU
		{A20F0781-C5B6-47EA-98D5-75E61C79289A}.Debug|Any CPU.ActiveCfg = Debug|Any CPU
		{A20F0781-C5B6-47EA-98D5-75E61C79289A}.Debug|Any CPU.Build.0 = Debug|Any CPU
		{A20F0781-C5B6-47EA-98D5-75E61C79289A}.Release|Any CPU.ActiveCfg = Release|Any CPU
		{A20F0781-C5B6-47EA-98D5-75E61C79289A}.Release|Any CPU.Build.0 = Release|Any CPU
		{C3E41DAE-01AB-4659-9C37-773C6A4D12EE}.Debug|Any CPU.ActiveCfg = Debug|Any CPU
		{C3E41DAE-01AB-4659-9C37-773C6A4D12EE}.Debug|Any CPU.Build.0 = Debug|Any CPU
		{C3E41DAE-01AB-4659-9C37-773C6A4D12EE}.Release|Any CPU.ActiveCfg = Release|Any CPU
		{C3E41DAE-01AB-4659-9C37-773C6A4D12EE}.Release|Any CPU.Build.0 = Release|Any CPU
	EndGlobalSection
	GlobalSection(SolutionProperties) = preSolution
		HideSolutionNode = FALSE
	EndGlobalSection
	GlobalSection(ExtensibilityGlobals) = postSolution
		SolutionGuid = {F694B949-2600-4328-B9D6-2A04518B12CD}
	EndGlobalSection
EndGlobal
